
Microsoft Visual Studio Solution File, Format Version 12.00
# Visual Studio Version 16
VisualStudioVersion = 16.0.30717.126
MinimumVisualStudioVersion = 10.0.40219.1
Project("{FAE04EC0-301F-11D3-BF4B-00C04F79EFBC}") = "DataAccessLayer", "DataAccessLayer\DataAccessLayer.csproj", "{754304FA-49D3-4ADF-B866-ADD27B4D71AD}"
EndProject
Project("{FAE04EC0-301F-11D3-BF4B-00C04F79EFBC}") = "WebAPI", "WebAPI\WebAPI.csproj", "{77F57E3F-8456-42C7-B7A6-468858652303}"
EndProject
Project("{FAE04EC0-301F-11D3-BF4B-00C04F79EFBC}") = "JobFinderWebSite", "JobFinderWebSite\JobFinderWebSite.csproj", "{AE717398-21BE-4B6D-BCD3-E55D9579CDCF}"
EndProject
Global
	GlobalSection(SolutionConfigurationPlatforms) = preSolution
		Debug|Any CPU = Debug|Any CPU
		Release|Any CPU = Release|Any CPU
	EndGlobalSection
	GlobalSection(ProjectConfigurationPlatforms) = postSolution
		{754304FA-49D3-4ADF-B866-ADD27B4D71AD}.Debug|Any CPU.ActiveCfg = Debug|Any CPU
		{754304FA-49D3-4ADF-B866-ADD27B4D71AD}.Debug|Any CPU.Build.0 = Debug|Any CPU
		{754304FA-49D3-4ADF-B866-ADD27B4D71AD}.Release|Any CPU.ActiveCfg = Release|Any CPU
		{754304FA-49D3-4ADF-B866-ADD27B4D71AD}.Release|Any CPU.Build.0 = Release|Any CPU
		{77F57E3F-8456-42C7-B7A6-468858652303}.Debug|Any CPU.ActiveCfg = Debug|Any CPU
		{77F57E3F-8456-42C7-B7A6-468858652303}.Debug|Any CPU.Build.0 = Debug|Any CPU
		{77F57E3F-8456-42C7-B7A6-468858652303}.Release|Any CPU.ActiveCfg = Release|Any CPU
		{77F57E3F-8456-42C7-B7A6-468858652303}.Release|Any CPU.Build.0 = Release|Any CPU
		{AE717398-21BE-4B6D-BCD3-E55D9579CDCF}.Debug|Any CPU.ActiveCfg = Debug|Any CPU
		{AE717398-21BE-4B6D-BCD3-E55D9579CDCF}.Debug|Any CPU.Build.0 = Debug|Any CPU
		{AE717398-21BE-4B6D-BCD3-E55D9579CDCF}.Release|Any CPU.ActiveCfg = Release|Any CPU
		{AE717398-21BE-4B6D-BCD3-E55D9579CDCF}.Release|Any CPU.Build.0 = Release|Any CPU
	EndGlobalSection
	GlobalSection(SolutionProperties) = preSolution
		HideSolutionNode = FALSE
	EndGlobalSection
	GlobalSection(ExtensibilityGlobals) = postSolution
		SolutionGuid = {899C1D94-75CF-461C-8DB2-A3B6E7C1C34A}
	EndGlobalSection
EndGlobal
